
Microsoft Visual Studio Solution File, Format Version 12.00
# Visual Studio Version 17
VisualStudioVersion = 17.4.33122.133
MinimumVisualStudioVersion = 10.0.40219.1
Project("{2150E333-8FDC-42A3-9474-1A3956D46DE8}") = "Application", "Application", "{3CB54DB8-E43F-4BFB-AD41-B64A46C1E9B9}"
EndProject
Project("{2150E333-8FDC-42A3-9474-1A3956D46DE8}") = "Common", "Common", "{7109E566-F475-4B05-8E3F-8756F9B6198A}"
EndProject
Project("{9A19103F-16F7-4668-BE54-9A1E7A4F7556}") = "EXM.Common", "Common\EXM.Common\EXM.Common.csproj", "{86DBCABF-FCE4-4437-8968-B5318344E164}"
EndProject
Project("{9A19103F-16F7-4668-BE54-9A1E7A4F7556}") = "EXM.Application.API", "Application\EXM.Application.API\EXM.Application.API.csproj", "{7A393145-231C-4F21-8E68-F86166CEAEC1}"
EndProject
Project("{2150E333-8FDC-42A3-9474-1A3956D46DE8}") = "Data", "Data", "{0AB851CC-91D3-4937-910C-A1098FD3E31C}"
EndProject
Project("{9A19103F-16F7-4668-BE54-9A1E7A4F7556}") = "EXM.Data.Logger", "Data\EXM.Data.Logger\EXM.Data.Logger.csproj", "{11D467FA-5096-4373-BC65-A769C62B5CF0}"
EndProject
Project("{9A19103F-16F7-4668-BE54-9A1E7A4F7556}") = "EXM.Common.Entities", "Common\EXM.Common.Entities\EXM.Common.Entities.csproj", "{14B021C9-CCF5-4098-9BBA-D87EA1C86794}"
EndProject
Project("{9A19103F-16F7-4668-BE54-9A1E7A4F7556}") = "EXM.Common.Data", "Common\EXM.Common.Data\EXM.Common.Data.csproj", "{5B1527B9-3019-4F2F-AA9B-226FB603A4A5}"
EndProject
Project("{9A19103F-16F7-4668-BE54-9A1E7A4F7556}") = "EXM.Data.Domain", "Data\EXM.Data.Domain\EXM.Data.Domain.csproj", "{375BD289-4FFC-46CB-81A0-0E396BA2B805}"
EndProject
Project("{9A19103F-16F7-4668-BE54-9A1E7A4F7556}") = "EXM.Common.Tools", "Common\EXM.Common.Tools\EXM.Common.Tools.csproj", "{962C5715-9E43-426E-835D-D1D95C431C83}"
EndProject
Project("{9A19103F-16F7-4668-BE54-9A1E7A4F7556}") = "EXM.Common.Models", "Common\EXM.Common.Models\EXM.Common.Models.csproj", "{E2890CC6-1ACB-43ED-B2B1-B00F12F8A3CC}"
EndProject
Project("{2150E333-8FDC-42A3-9474-1A3956D46DE8}") = "Services", "Services", "{3C52E9A7-BD9C-43B3-8E3C-2B58BEEFBEAD}"
EndProject
Project("{9A19103F-16F7-4668-BE54-9A1E7A4F7556}") = "EXM.Services", "Services\EXM.Services\EXM.Services.csproj", "{31A1DB5F-D7C0-4F98-9B89-0A2FF1FA2448}"
EndProject
Global
	GlobalSection(SolutionConfigurationPlatforms) = preSolution
		Debug|Any CPU = Debug|Any CPU
		Release|Any CPU = Release|Any CPU
	EndGlobalSection
	GlobalSection(ProjectConfigurationPlatforms) = postSolution
		{86DBCABF-FCE4-4437-8968-B5318344E164}.Debug|Any CPU.ActiveCfg = Debug|Any CPU
		{86DBCABF-FCE4-4437-8968-B5318344E164}.Debug|Any CPU.Build.0 = Debug|Any CPU
		{86DBCABF-FCE4-4437-8968-B5318344E164}.Release|Any CPU.ActiveCfg = Release|Any CPU
		{86DBCABF-FCE4-4437-8968-B5318344E164}.Release|Any CPU.Build.0 = Release|Any CPU
		{7A393145-231C-4F21-8E68-F86166CEAEC1}.Debug|Any CPU.ActiveCfg = Debug|Any CPU
		{7A393145-231C-4F21-8E68-F86166CEAEC1}.Debug|Any CPU.Build.0 = Debug|Any CPU
		{7A393145-231C-4F21-8E68-F86166CEAEC1}.Release|Any CPU.ActiveCfg = Release|Any CPU
		{7A393145-231C-4F21-8E68-F86166CEAEC1}.Release|Any CPU.Build.0 = Release|Any CPU
		{11D467FA-5096-4373-BC65-A769C62B5CF0}.Debug|Any CPU.ActiveCfg = Debug|Any CPU
		{11D467FA-5096-4373-BC65-A769C62B5CF0}.Debug|Any CPU.Build.0 = Debug|Any CPU
		{11D467FA-5096-4373-BC65-A769C62B5CF0}.Release|Any CPU.ActiveCfg = Release|Any CPU
		{11D467FA-5096-4373-BC65-A769C62B5CF0}.Release|Any CPU.Build.0 = Release|Any CPU
		{14B021C9-CCF5-4098-9BBA-D87EA1C86794}.Debug|Any CPU.ActiveCfg = Debug|Any CPU
		{14B021C9-CCF5-4098-9BBA-D87EA1C86794}.Debug|Any CPU.Build.0 = Debug|Any CPU
		{14B021C9-CCF5-4098-9BBA-D87EA1C86794}.Release|Any CPU.ActiveCfg = Release|Any CPU
		{14B021C9-CCF5-4098-9BBA-D87EA1C86794}.Release|Any CPU.Build.0 = Release|Any CPU
		{5B1527B9-3019-4F2F-AA9B-226FB603A4A5}.Debug|Any CPU.ActiveCfg = Debug|Any CPU
		{5B1527B9-3019-4F2F-AA9B-226FB603A4A5}.Debug|Any CPU.Build.0 = Debug|Any CPU
		{5B1527B9-3019-4F2F-AA9B-226FB603A4A5}.Release|Any CPU.ActiveCfg = Release|Any CPU
		{5B1527B9-3019-4F2F-AA9B-226FB603A4A5}.Release|Any CPU.Build.0 = Release|Any CPU
		{375BD289-4FFC-46CB-81A0-0E396BA2B805}.Debug|Any CPU.ActiveCfg = Debug|Any CPU
		{375BD289-4FFC-46CB-81A0-0E396BA2B805}.Debug|Any CPU.Build.0 = Debug|Any CPU
		{375BD289-4FFC-46CB-81A0-0E396BA2B805}.Release|Any CPU.ActiveCfg = Release|Any CPU
		{375BD289-4FFC-46CB-81A0-0E396BA2B805}.Release|Any CPU.Build.0 = Release|Any CPU
		{962C5715-9E43-426E-835D-D1D95C431C83}.Debug|Any CPU.ActiveCfg = Debug|Any CPU
		{962C5715-9E43-426E-835D-D1D95C431C83}.Debug|Any CPU.Build.0 = Debug|Any CPU
		{962C5715-9E43-426E-835D-D1D95C431C83}.Release|Any CPU.ActiveCfg = Release|Any CPU
		{962C5715-9E43-426E-835D-D1D95C431C83}.Release|Any CPU.Build.0 = Release|Any CPU
		{E2890CC6-1ACB-43ED-B2B1-B00F12F8A3CC}.Debug|Any CPU.ActiveCfg = Debug|Any CPU
		{E2890CC6-1ACB-43ED-B2B1-B00F12F8A3CC}.Debug|Any CPU.Build.0 = Debug|Any CPU
		{E2890CC6-1ACB-43ED-B2B1-B00F12F8A3CC}.Release|Any CPU.ActiveCfg = Release|Any CPU
		{E2890CC6-1ACB-43ED-B2B1-B00F12F8A3CC}.Release|Any CPU.Build.0 = Release|Any CPU
		{31A1DB5F-D7C0-4F98-9B89-0A2FF1FA2448}.Debug|Any CPU.ActiveCfg = Debug|Any CPU
		{31A1DB5F-D7C0-4F98-9B89-0A2FF1FA2448}.Debug|Any CPU.Build.0 = Debug|Any CPU
		{31A1DB5F-D7C0-4F98-9B89-0A2FF1FA2448}.Release|Any CPU.ActiveCfg = Release|Any CPU
		{31A1DB5F-D7C0-4F98-9B89-0A2FF1FA2448}.Release|Any CPU.Build.0 = Release|Any CPU
	EndGlobalSection
	GlobalSection(SolutionProperties) = preSolution
		HideSolutionNode = FALSE
	EndGlobalSection
	GlobalSection(NestedProjects) = preSolution
		{86DBCABF-FCE4-4437-8968-B5318344E164} = {7109E566-F475-4B05-8E3F-8756F9B6198A}
		{7A393145-231C-4F21-8E68-F86166CEAEC1} = {3CB54DB8-E43F-4BFB-AD41-B64A46C1E9B9}
		{11D467FA-5096-4373-BC65-A769C62B5CF0} = {0AB851CC-91D3-4937-910C-A1098FD3E31C}
		{14B021C9-CCF5-4098-9BBA-D87EA1C86794} = {7109E566-F475-4B05-8E3F-8756F9B6198A}
		{5B1527B9-3019-4F2F-AA9B-226FB603A4A5} = {7109E566-F475-4B05-8E3F-8756F9B6198A}
		{375BD289-4FFC-46CB-81A0-0E396BA2B805} = {0AB851CC-91D3-4937-910C-A1098FD3E31C}
		{962C5715-9E43-426E-835D-D1D95C431C83} = {7109E566-F475-4B05-8E3F-8756F9B6198A}
		{E2890CC6-1ACB-43ED-B2B1-B00F12F8A3CC} = {7109E566-F475-4B05-8E3F-8756F9B6198A}
		{31A1DB5F-D7C0-4F98-9B89-0A2FF1FA2448} = {3C52E9A7-BD9C-43B3-8E3C-2B58BEEFBEAD}
	EndGlobalSection
	GlobalSection(ExtensibilityGlobals) = postSolution
		SolutionGuid = {F9752166-9FF6-4A38-895F-CAEB8C8419FE}
	EndGlobalSection
EndGlobal
