
Microsoft Visual Studio Solution File, Format Version 12.00
# Visual Studio Version 17
VisualStudioVersion = 17.4.33122.133
MinimumVisualStudioVersion = 10.0.40219.1
Project("{2150E333-8FDC-42A3-9474-1A3956D46DE8}") = "Application", "Application", "{3CB54DB8-E43F-4BFB-AD41-B64A46C1E9B9}"
EndProject
Project("{2150E333-8FDC-42A3-9474-1A3956D46DE8}") = "Common", "Common", "{80581DE6-CDDC-47A2-8DEB-1CF4DA2A63F6}"
EndProject
Project("{2150E333-8FDC-42A3-9474-1A3956D46DE8}") = "Data", "Data", "{87531CC4-AA64-496D-A35D-3A73E2E5D641}"
EndProject
Project("{2150E333-8FDC-42A3-9474-1A3956D46DE8}") = "Resources", "Resources", "{ED3B1D6A-6D15-4B9F-8DA5-111444413A74}"
EndProject
Project("{2150E333-8FDC-42A3-9474-1A3956D46DE8}") = "Services", "Services", "{0B527135-BE7F-4DF7-BA3B-5E62C41C9762}"
EndProject
Project("{9A19103F-16F7-4668-BE54-9A1E7A4F7556}") = "EXM.Data.Identity", "Data\EXM.Data.Identity\EXM.Data.Identity.csproj", "{DF3F4E8C-D11E-43CA-B0D4-A670682F708A}"
EndProject
Project("{9A19103F-16F7-4668-BE54-9A1E7A4F7556}") = "EXM.Resources", "Resources\EXM.Resources\EXM.Resources.csproj", "{31F8C618-D27B-41FD-B724-92232720F19A}"
EndProject
Project("{9A19103F-16F7-4668-BE54-9A1E7A4F7556}") = "EXM.Services", "Services\EXM.Services\EXM.Services.csproj", "{A6B7C795-35CB-4234-8CE3-735318974D96}"
EndProject
Project("{9A19103F-16F7-4668-BE54-9A1E7A4F7556}") = "EXM.Application.WebAPI", "Application\EXM.Application.WebAPI\EXM.Application.WebAPI.csproj", "{05451270-20E7-4E6E-A209-5222286FE6DD}"
EndProject
Project("{9A19103F-16F7-4668-BE54-9A1E7A4F7556}") = "EXM.Common", "Common\EXM.Common\EXM.Common.csproj", "{6DC761C9-DA03-4B7C-8EDA-ACE6C3BB4E61}"
EndProject
Project("{FAE04EC0-301F-11D3-BF4B-00C04F79EFBC}") = "EXM.Services.Contracts", "Services\EXM.Services.Contracts\EXM.Services.Contracts.csproj", "{98CCBBE1-3735-40B8-89FA-652FE2907AF8}"
EndProject
Global
	GlobalSection(SolutionConfigurationPlatforms) = preSolution
		Debug|Any CPU = Debug|Any CPU
		Release|Any CPU = Release|Any CPU
	EndGlobalSection
	GlobalSection(ProjectConfigurationPlatforms) = postSolution
		{DF3F4E8C-D11E-43CA-B0D4-A670682F708A}.Debug|Any CPU.ActiveCfg = Debug|Any CPU
		{DF3F4E8C-D11E-43CA-B0D4-A670682F708A}.Debug|Any CPU.Build.0 = Debug|Any CPU
		{DF3F4E8C-D11E-43CA-B0D4-A670682F708A}.Release|Any CPU.ActiveCfg = Release|Any CPU
		{DF3F4E8C-D11E-43CA-B0D4-A670682F708A}.Release|Any CPU.Build.0 = Release|Any CPU
		{31F8C618-D27B-41FD-B724-92232720F19A}.Debug|Any CPU.ActiveCfg = Debug|Any CPU
		{31F8C618-D27B-41FD-B724-92232720F19A}.Debug|Any CPU.Build.0 = Debug|Any CPU
		{31F8C618-D27B-41FD-B724-92232720F19A}.Release|Any CPU.ActiveCfg = Release|Any CPU
		{31F8C618-D27B-41FD-B724-92232720F19A}.Release|Any CPU.Build.0 = Release|Any CPU
		{A6B7C795-35CB-4234-8CE3-735318974D96}.Debug|Any CPU.ActiveCfg = Debug|Any CPU
		{A6B7C795-35CB-4234-8CE3-735318974D96}.Debug|Any CPU.Build.0 = Debug|Any CPU
		{A6B7C795-35CB-4234-8CE3-735318974D96}.Release|Any CPU.ActiveCfg = Release|Any CPU
		{A6B7C795-35CB-4234-8CE3-735318974D96}.Release|Any CPU.Build.0 = Release|Any CPU
		{05451270-20E7-4E6E-A209-5222286FE6DD}.Debug|Any CPU.ActiveCfg = Debug|Any CPU
		{05451270-20E7-4E6E-A209-5222286FE6DD}.Debug|Any CPU.Build.0 = Debug|Any CPU
		{05451270-20E7-4E6E-A209-5222286FE6DD}.Release|Any CPU.ActiveCfg = Release|Any CPU
		{05451270-20E7-4E6E-A209-5222286FE6DD}.Release|Any CPU.Build.0 = Release|Any CPU
		{6DC761C9-DA03-4B7C-8EDA-ACE6C3BB4E61}.Debug|Any CPU.ActiveCfg = Debug|Any CPU
		{6DC761C9-DA03-4B7C-8EDA-ACE6C3BB4E61}.Debug|Any CPU.Build.0 = Debug|Any CPU
		{6DC761C9-DA03-4B7C-8EDA-ACE6C3BB4E61}.Release|Any CPU.ActiveCfg = Release|Any CPU
		{6DC761C9-DA03-4B7C-8EDA-ACE6C3BB4E61}.Release|Any CPU.Build.0 = Release|Any CPU
		{98CCBBE1-3735-40B8-89FA-652FE2907AF8}.Debug|Any CPU.ActiveCfg = Debug|Any CPU
		{98CCBBE1-3735-40B8-89FA-652FE2907AF8}.Debug|Any CPU.Build.0 = Debug|Any CPU
		{98CCBBE1-3735-40B8-89FA-652FE2907AF8}.Release|Any CPU.ActiveCfg = Release|Any CPU
		{98CCBBE1-3735-40B8-89FA-652FE2907AF8}.Release|Any CPU.Build.0 = Release|Any CPU
	EndGlobalSection
	GlobalSection(SolutionProperties) = preSolution
		HideSolutionNode = FALSE
	EndGlobalSection
	GlobalSection(NestedProjects) = preSolution
		{DF3F4E8C-D11E-43CA-B0D4-A670682F708A} = {87531CC4-AA64-496D-A35D-3A73E2E5D641}
		{31F8C618-D27B-41FD-B724-92232720F19A} = {ED3B1D6A-6D15-4B9F-8DA5-111444413A74}
		{A6B7C795-35CB-4234-8CE3-735318974D96} = {0B527135-BE7F-4DF7-BA3B-5E62C41C9762}
		{05451270-20E7-4E6E-A209-5222286FE6DD} = {3CB54DB8-E43F-4BFB-AD41-B64A46C1E9B9}
		{6DC761C9-DA03-4B7C-8EDA-ACE6C3BB4E61} = {80581DE6-CDDC-47A2-8DEB-1CF4DA2A63F6}
		{98CCBBE1-3735-40B8-89FA-652FE2907AF8} = {0B527135-BE7F-4DF7-BA3B-5E62C41C9762}
	EndGlobalSection
	GlobalSection(ExtensibilityGlobals) = postSolution
		SolutionGuid = {F9752166-9FF6-4A38-895F-CAEB8C8419FE}
	EndGlobalSection
EndGlobal
